<?xml version="1.0" encoding="utf-8"?>
<Project ToolsVersion="4.0" xmlns="http://schemas.microsoft.com/developer/msbuild/2003">
  <ItemGroup>
    <Filter Include="Source Files">
      <UniqueIdentifier>{4FC737F1-C7A5-4376-A066-2A32D752A2FF}</UniqueIdentifier>
      <Extensions>cpp;c;cc;cxx;c++;cppm;ixx;def;odl;idl;hpj;bat;asm;asmx</Extensions>
    </Filter>
    <Filter Include="Header Files">
      <UniqueIdentifier>{93995380-89BD-4b04-88EB-625FBE52EBFB}</UniqueIdentifier>
      <Extensions>h;hh;hpp;hxx;h++;hm;inl;inc;ipp;xsd</Extensions>
    </Filter>
    <Filter Include="Resource Files">
      <UniqueIdentifier>{67DA6AB6-F800-4c08-8B7A-83BB121AAD01}</UniqueIdentifier>
      <Extensions>rc;ico;cur;bmp;dlg;rc2;rct;bin;rgs;gif;jpg;jpeg;jpe;resx;tiff;tif;png;wav;mfcribbon-ms</Extensions>
    </Filter>
  </ItemGroup>
  <ItemGroup>
    <ClCompile Include="engine\core\input controller\input_controller.cpp">
      <Filter>Source Files</Filter>
    </ClCompile>
    <ClCompile Include="engine\core\window\window.cpp">
      <Filter>Source Files</Filter>
    </ClCompile>
    <ClCompile Include="engine\core\engine.cpp">
      <Filter>Source Files</Filter>
    </ClCompile>
    <ClCompile Include="dependencies\GLAD\include\glad.c">
      <Filter>Source Files</Filter>
    </ClCompile>
    <ClCompile Include="engine\core\window\window_callbacks.cpp">
      <Filter>Source Files</Filter>
    </ClCompile>
    <ClCompile Include="engine\world.cpp">
      <Filter>Source Files</Filter>
    </ClCompile>
    <ClCompile Include="engine\components\mesh\mesh.cpp">
      <Filter>Source Files</Filter>
    </ClCompile>
    <ClCompile Include="engine\shaders\shader.cpp">
      <Filter>Source Files</Filter>
    </ClCompile>
    <ClCompile Include="Test.cpp">
      <Filter>Source Files</Filter>
    </ClCompile>
    <ClCompile Include="main.cpp">
      <Filter>Source Files</Filter>
    </ClCompile>
    <ClCompile Include="engine\components\scene\scene.cpp">
      <Filter>Source Files</Filter>
    </ClCompile>
    <ClCompile Include="engine\components\camera\camera.cpp">
      <Filter>Source Files</Filter>
    </ClCompile>
    <ClCompile Include="engine\components\camera\camera_input.cpp">
      <Filter>Source Files</Filter>
    </ClCompile>
    <ClCompile Include="engine\components\scene\scene_input.cpp">
      <Filter>Source Files</Filter>
    </ClCompile>
    <ClCompile Include="engine\texture\texture_manger.cpp">
      <Filter>Source Files</Filter>
    </ClCompile>
    <ClCompile Include="engine\texture\texture2D.cpp">
      <Filter>Source Files</Filter>
    </ClCompile>
  </ItemGroup>
  <ItemGroup>
    <ClInclude Include="engine\core\input controller\input_controller.h">
      <Filter>Header Files</Filter>
    </ClInclude>
    <ClInclude Include="engine\core\window\window.h">
      <Filter>Header Files</Filter>
    </ClInclude>
    <ClInclude Include="engine\core\engine.h">
      <Filter>Header Files</Filter>
    </ClInclude>
    <ClInclude Include="engine\utils\core.h">
      <Filter>Header Files</Filter>
    </ClInclude>
    <ClInclude Include="engine\core\window\window_properties.h">
      <Filter>Header Files</Filter>
    </ClInclude>
    <ClInclude Include="engine\core\window\window_callbacks.h">
      <Filter>Header Files</Filter>
    </ClInclude>
    <ClInclude Include="engine\world.h">
      <Filter>Header Files</Filter>
    </ClInclude>
    <ClInclude Include="engine\components\mesh\mesh.h">
      <Filter>Header Files</Filter>
    </ClInclude>
    <ClInclude Include="engine\utils\material.h">
      <Filter>Header Files</Filter>
    </ClInclude>
    <ClInclude Include="engine\utils\colour.h">
      <Filter>Header Files</Filter>
    </ClInclude>
    <ClInclude Include="engine\shaders\shader.h">
      <Filter>Header Files</Filter>
    </ClInclude>
    <ClInclude Include="Test.h">
      <Filter>Header Files</Filter>
    </ClInclude>
    <ClInclude Include="engine\components\scene\scene.h">
      <Filter>Header Files</Filter>
    </ClInclude>
    <ClInclude Include="engine\utils\vertex_utils.h">
      <Filter>Header Files</Filter>
    </ClInclude>
    <ClInclude Include="engine\components\camera\camera.h">
      <Filter>Header Files</Filter>
    </ClInclude>
    <ClInclude Include="dependencies\GLM\simd\common.h">
      <Filter>Header Files</Filter>
    </ClInclude>
    <ClInclude Include="dependencies\GLM\simd\exponential.h">
      <Filter>Header Files</Filter>
    </ClInclude>
    <ClInclude Include="dependencies\GLM\simd\geometric.h">
      <Filter>Header Files</Filter>
    </ClInclude>
    <ClInclude Include="dependencies\GLM\simd\integer.h">
      <Filter>Header Files</Filter>
    </ClInclude>
    <ClInclude Include="dependencies\GLM\simd\matrix.h">
      <Filter>Header Files</Filter>
    </ClInclude>
    <ClInclude Include="dependencies\GLM\simd\neon.h">
      <Filter>Header Files</Filter>
    </ClInclude>
    <ClInclude Include="dependencies\GLM\simd\packing.h">
      <Filter>Header Files</Filter>
    </ClInclude>
    <ClInclude Include="dependencies\GLM\simd\platform.h">
      <Filter>Header Files</Filter>
    </ClInclude>
    <ClInclude Include="dependencies\GLM\simd\trigonometric.h">
      <Filter>Header Files</Filter>
    </ClInclude>
    <ClInclude Include="dependencies\GLM\simd\vector_relational.h">
      <Filter>Header Files</Filter>
    </ClInclude>
    <ClInclude Include="engine\utils\glm_utils.h">
      <Filter>Header Files</Filter>
    </ClInclude>
    <ClInclude Include="engine\components\camera\camera_input.h">
      <Filter>Header Files</Filter>
    </ClInclude>
    <ClInclude Include="engine\components\scene\scene_input.h">
      <Filter>Header Files</Filter>
    </ClInclude>
    <ClInclude Include="engine\texture\texture_manger.h">
      <Filter>Header Files</Filter>
    </ClInclude>
    <ClInclude Include="dependencies\STB\stb_image.h">
      <Filter>Header Files</Filter>
    </ClInclude>
    <ClInclude Include="engine\texture\texture2D.h">
      <Filter>Header Files</Filter>
    </ClInclude>
    <ClInclude Include="engine\texture\texture_utils.h">
      <Filter>Header Files</Filter>
    </ClInclude>
  </ItemGroup>
  <ItemGroup>
    <None Include="engine\shaders\shader_programms\simple\simple_fragment_shader.glsl" />
    <None Include="engine\shaders\shader_programms\simple\simple_vertex_shader.glsl" />
    <None Include="engine\shaders\shader_programms\grid\grid_fragment_shader.glsl" />
    <None Include="engine\shaders\shader_programms\grid\grid_vertex_shader.glsl" />
  </ItemGroup>
</Project>