<?xml version="1.0" encoding="utf-8"?>
<Project ToolsVersion="4.0" xmlns="http://schemas.microsoft.com/developer/msbuild/2003">
  <ItemGroup>
    <Filter Include="Source Files">
      <UniqueIdentifier>{4FC737F1-C7A5-4376-A066-2A32D752A2FF}</UniqueIdentifier>
      <Extensions>cpp;c;cc;cxx;c++;cppm;ixx;def;odl;idl;hpj;bat;asm;asmx</Extensions>
    </Filter>
    <Filter Include="Header Files">
      <UniqueIdentifier>{93995380-89BD-4b04-88EB-625FBE52EBFB}</UniqueIdentifier>
      <Extensions>h;hh;hpp;hxx;h++;hm;inl;inc;ipp;xsd</Extensions>
    </Filter>
    <Filter Include="Resource Files">
      <UniqueIdentifier>{67DA6AB6-F800-4c08-8B7A-83BB121AAD01}</UniqueIdentifier>
      <Extensions>rc;ico;cur;bmp;dlg;rc2;rct;bin;rgs;gif;jpg;jpeg;jpe;resx;tiff;tif;png;wav;mfcribbon-ms</Extensions>
    </Filter>
  </ItemGroup>
  <ItemGroup>
    <ClCompile Include="main.cpp">
      <Filter>Source Files</Filter>
    </ClCompile>
    <ClCompile Include="src\engine\core\window\window.cpp">
      <Filter>Source Files</Filter>
    </ClCompile>
    <ClCompile Include="dependencies\GLAD\include\glad.c">
      <Filter>Source Files</Filter>
    </ClCompile>
    <ClCompile Include="src\managers\logger\logger.cpp">
      <Filter>Source Files</Filter>
    </ClCompile>
    <ClCompile Include="src\engine\core\window\window_callbacks.cpp">
      <Filter>Source Files</Filter>
    </ClCompile>
    <ClCompile Include="src\engine\core\input_controller\input_controller.cpp">
      <Filter>Source Files</Filter>
    </ClCompile>
    <ClCompile Include="src\engine\engine.cpp">
      <Filter>Source Files</Filter>
    </ClCompile>
    <ClCompile Include="src\world.cpp">
      <Filter>Source Files</Filter>
    </ClCompile>
    <ClCompile Include="src\components\scene\scene.cpp">
      <Filter>Source Files</Filter>
    </ClCompile>
    <ClCompile Include="Demo.cpp">
      <Filter>Source Files</Filter>
    </ClCompile>
    <ClCompile Include="src\managers\shader\shader.cpp">
      <Filter>Source Files</Filter>
    </ClCompile>
    <ClCompile Include="src\components\scene\scene_input.cpp">
      <Filter>Source Files</Filter>
    </ClCompile>
    <ClCompile Include="src\components\mesh\mesh.cpp">
      <Filter>Source Files</Filter>
    </ClCompile>
    <ClCompile Include="src\components\camera\camera.cpp">
      <Filter>Source Files</Filter>
    </ClCompile>
    <ClCompile Include="src\components\camera\camera_input.cpp">
      <Filter>Source Files</Filter>
    </ClCompile>
    <ClCompile Include="src\managers\texture\texture_2D.cpp">
      <Filter>Source Files</Filter>
    </ClCompile>
    <ClCompile Include="src\managers\texture\texture_manager.cpp">
      <Filter>Source Files</Filter>
    </ClCompile>
    <ClCompile Include="src\managers\shape\shape_manager.cpp">
      <Filter>Source Files</Filter>
    </ClCompile>
    <ClCompile Include="src\managers\file\file_manager.cpp">
      <Filter>Source Files</Filter>
    </ClCompile>
    <ClCompile Include="demos\demo1_transformations\demo_transformation.cpp">
      <Filter>Source Files</Filter>
    </ClCompile>
    <ClCompile Include="demos\demo2_lighting\demo_phong.cpp">
      <Filter>Source Files</Filter>
    </ClCompile>
    <ClCompile Include="demos\demo2_lighting\demo_phong_texture.cpp">
      <Filter>Source Files</Filter>
    </ClCompile>
    <ClCompile Include="demos\demo2_lighting\demo_directional_light.cpp">
      <Filter>Source Files</Filter>
    </ClCompile>
    <ClCompile Include="demos\demo2_lighting\demo_point_light.cpp">
      <Filter>Source Files</Filter>
    </ClCompile>
    <ClCompile Include="demos\demo2_lighting\demo_spotlight.cpp">
      <Filter>Source Files</Filter>
    </ClCompile>
    <ClCompile Include="demos\demo2_lighting\demo_all_lights.cpp">
      <Filter>Source Files</Filter>
    </ClCompile>
    <ClCompile Include="src\components\lights\light.cpp">
      <Filter>Source Files</Filter>
    </ClCompile>
    <ClCompile Include="src\components\lights\directional_light.cpp">
      <Filter>Source Files</Filter>
    </ClCompile>
    <ClCompile Include="src\components\lights\point_light.cpp">
      <Filter>Source Files</Filter>
    </ClCompile>
    <ClCompile Include="src\components\lights\spotlight.cpp">
      <Filter>Source Files</Filter>
    </ClCompile>
    <ClCompile Include="demos\demo3_advanced\demo_depth_test.cpp">
      <Filter>Source Files</Filter>
    </ClCompile>
  </ItemGroup>
  <ItemGroup>
    <ClInclude Include="src\engine\core\window\window.h">
      <Filter>Header Files</Filter>
    </ClInclude>
    <ClInclude Include="dependencies\GLM\simd\common.h">
      <Filter>Header Files</Filter>
    </ClInclude>
    <ClInclude Include="dependencies\GLM\simd\exponential.h">
      <Filter>Header Files</Filter>
    </ClInclude>
    <ClInclude Include="dependencies\GLM\simd\geometric.h">
      <Filter>Header Files</Filter>
    </ClInclude>
    <ClInclude Include="dependencies\GLM\simd\integer.h">
      <Filter>Header Files</Filter>
    </ClInclude>
    <ClInclude Include="dependencies\GLM\simd\matrix.h">
      <Filter>Header Files</Filter>
    </ClInclude>
    <ClInclude Include="dependencies\GLM\simd\neon.h">
      <Filter>Header Files</Filter>
    </ClInclude>
    <ClInclude Include="dependencies\GLM\simd\packing.h">
      <Filter>Header Files</Filter>
    </ClInclude>
    <ClInclude Include="dependencies\GLM\simd\platform.h">
      <Filter>Header Files</Filter>
    </ClInclude>
    <ClInclude Include="dependencies\GLM\simd\trigonometric.h">
      <Filter>Header Files</Filter>
    </ClInclude>
    <ClInclude Include="dependencies\GLM\simd\vector_relational.h">
      <Filter>Header Files</Filter>
    </ClInclude>
    <ClInclude Include="src\managers\logger\logger.h">
      <Filter>Header Files</Filter>
    </ClInclude>
    <ClInclude Include="src\managers\logger\log.h">
      <Filter>Header Files</Filter>
    </ClInclude>
    <ClInclude Include="src\engine\core\window\window_callbacks.h">
      <Filter>Header Files</Filter>
    </ClInclude>
    <ClInclude Include="src\engine\core\window\window_properties.h">
      <Filter>Header Files</Filter>
    </ClInclude>
    <ClInclude Include="src\engine\core\input_controller\input_controller.h">
      <Filter>Header Files</Filter>
    </ClInclude>
    <ClInclude Include="utils\core.h">
      <Filter>Header Files</Filter>
    </ClInclude>
    <ClInclude Include="src\engine\engine.h">
      <Filter>Header Files</Filter>
    </ClInclude>
    <ClInclude Include="src\world.h">
      <Filter>Header Files</Filter>
    </ClInclude>
    <ClInclude Include="src\components\scene\scene.h">
      <Filter>Header Files</Filter>
    </ClInclude>
    <ClInclude Include="Demo.h">
      <Filter>Header Files</Filter>
    </ClInclude>
    <ClInclude Include="src\managers\shader\shader.h">
      <Filter>Header Files</Filter>
    </ClInclude>
    <ClInclude Include="src\components\scene\scene_input.h">
      <Filter>Header Files</Filter>
    </ClInclude>
    <ClInclude Include="src\components\mesh\mesh.h">
      <Filter>Header Files</Filter>
    </ClInclude>
    <ClInclude Include="src\utils\vertex.h">
      <Filter>Header Files</Filter>
    </ClInclude>
    <ClInclude Include="src\utils\colour.h">
      <Filter>Header Files</Filter>
    </ClInclude>
    <ClInclude Include="src\utils\glm_utils.h">
      <Filter>Header Files</Filter>
    </ClInclude>
    <ClInclude Include="src\utils\material.h">
      <Filter>Header Files</Filter>
    </ClInclude>
    <ClInclude Include="src\components\camera\camera.h">
      <Filter>Header Files</Filter>
    </ClInclude>
    <ClInclude Include="src\components\camera\camera_input.h">
      <Filter>Header Files</Filter>
    </ClInclude>
    <ClInclude Include="src\managers\texture\texture_2D.h">
      <Filter>Header Files</Filter>
    </ClInclude>
    <ClInclude Include="src\managers\texture\texture_manager.h">
      <Filter>Header Files</Filter>
    </ClInclude>
    <ClInclude Include="src\managers\shape\shape_manager.h">
      <Filter>Header Files</Filter>
    </ClInclude>
    <ClInclude Include="src\managers\file\file_manager.h">
      <Filter>Header Files</Filter>
    </ClInclude>
    <ClInclude Include="src\utils\light_utils.h">
      <Filter>Header Files</Filter>
    </ClInclude>
    <ClInclude Include="demos\demo1_transformations\demo_transformation.h">
      <Filter>Header Files</Filter>
    </ClInclude>
    <ClInclude Include="demos.h">
      <Filter>Header Files</Filter>
    </ClInclude>
    <ClInclude Include="demos\demo2_lighting\demo_phong.h">
      <Filter>Header Files</Filter>
    </ClInclude>
    <ClInclude Include="demos\demo2_lighting\demo_phong_texture.h">
      <Filter>Header Files</Filter>
    </ClInclude>
    <ClInclude Include="demos\demo2_lighting\demo_directional_light.h">
      <Filter>Header Files</Filter>
    </ClInclude>
    <ClInclude Include="demos\demo2_lighting\demo_point_light.h">
      <Filter>Header Files</Filter>
    </ClInclude>
    <ClInclude Include="demos\demo2_lighting\demo_spotlight.h">
      <Filter>Header Files</Filter>
    </ClInclude>
    <ClInclude Include="demos\demo2_lighting\demo_all_lights.h">
      <Filter>Header Files</Filter>
    </ClInclude>
    <ClInclude Include="src\components\lights\light.h">
      <Filter>Header Files</Filter>
    </ClInclude>
    <ClInclude Include="src\components\lights\directional_light.h">
      <Filter>Header Files</Filter>
    </ClInclude>
    <ClInclude Include="src\components\lights\point_light.h">
      <Filter>Header Files</Filter>
    </ClInclude>
    <ClInclude Include="src\components\lights\spotlight.h">
      <Filter>Header Files</Filter>
    </ClInclude>
    <ClInclude Include="demos\demo3_advanced\demo_depth_test.h">
      <Filter>Header Files</Filter>
    </ClInclude>
  </ItemGroup>
  <ItemGroup>
    <None Include="assets\shaders\simple\simple_fragment_shader.glsl" />
    <None Include="assets\shaders\simple\simple_vertex_shader.glsl" />
    <None Include="assets\shaders\lighting\phong_fragment_shader.glsl" />
    <None Include="assets\shaders\lighting\phong_vertex_shader.glsl" />
    <None Include="assets\shaders\texture\texture_fragment_shader.glsl" />
    <None Include="assets\shaders\texture\texture_vertex_shader.glsl" />
    <None Include="assets\shaders\grid\grid_fragment_shader.glsl" />
    <None Include="assets\shaders\grid\grid_vertex_shader.glsl" />
    <None Include="assets\shaders\test\test_fragment_shader.glsl" />
    <None Include="assets\shaders\test\test_vertex_shader.glsl" />
    <None Include="assets\shaders\lighting\phongt_fragment_shader.glsl" />
    <None Include="assets\shaders\lighting\phongt_vertex_shader.glsl" />
    <None Include="Doxyfile" />
    <None Include="assets\shaders\lighting\directional_vertex_shader.glsl" />
    <None Include="assets\shaders\lighting\directional_fragment_shader.glsl" />
    <None Include="assets\shaders\lighting\point_fragment_shader.glsl" />
    <None Include="assets\shaders\lighting\point_vertex_shader.glsl" />
    <None Include="assets\shaders\lighting\spotlight_fragment_shader.glsl" />
    <None Include="assets\shaders\lighting\spotlight_vertex_shader.glsl" />
    <None Include="assets\shaders\lighting\allLights_fragment_shader.glsl" />
    <None Include="assets\shaders\lighting\allLights_vertex_shader.glsl" />
    <None Include="assets\shaders\advanced\depth_fragment_shader.glsl" />
    <None Include="assets\shaders\advanced\depth_vertex_shader.glsl" />
  </ItemGroup>
  <ItemGroup>
    <Image Include="assets\textures\container.png">
      <Filter>Resource Files</Filter>
    </Image>
    <Image Include="assets\textures\container_specular.png">
      <Filter>Resource Files</Filter>
    </Image>
    <Image Include="assets\textures\metal.png">
      <Filter>Resource Files</Filter>
    </Image>
    <Image Include="assets\textures\marble.jpg">
      <Filter>Resource Files</Filter>
    </Image>
  </ItemGroup>
</Project>